{
    "config": {
        "bohr_framework_version": "0.3.7",
        "tasks": {
            "bugginess": {
                "top_artifact": "bohr.artifacts.commit.Commit",
                "label_categories": [
                    "CommitLabel.NonBugFix",
                    "CommitLabel.BugFix"
                ],
                "test_datasets": [
                    "1151-commits",
                    "berger",
                    "herzig"
                ],
                "train_datasets": [
                    "bugginess-train"
                ],
                "label_column_name": "bug"
            },
            "smells": {
                "top_artifact": "bohr.artifacts.method.Method",
                "label_categories": [
                    "SnippetLabel.NonSmelly",
                    "SnippetLabel.Smelly"
                ],
                "test_datasets": [
                    "smells-test"
                ],
                "train_datasets": [
                    "smells-train"
                ],
                "label_column_name": "smelly"
            }
        },
        "datasets": {
            "berger": {
                "path": "berger.csv",
                "mapper": "bohr.templates.datamappers.commit.CommitMapper",
                "test_set": "true",
                "preprocessor": "copy",
                "loader": "csv"
            },
            "herzig": {
                "path": "herzig.csv",
                "mapper": "bohr.templates.datamappers.commit.CommitMapper",
                "test_set": "true",
                "preprocessor": "copy",
                "loader": "csv"
            },
            "1151-commits": {
                "path": "1151-commits.csv",
                "mapper": "bohr.templates.datamappers.commit.CommitMapper",
                "test_set": "true",
                "preprocessor": "copy",
                "loader": "csv"
            },
            "bugginess-train": {
                "path": "bugginess_train.7z",
                "mapper": "bohr.templates.datamappers.commit.CommitMapper",
                "test_set": "false",
                "loader": "csv",
                "preprocessor": "7z",
                "main_file": "train/bug_sample.csv"
            },
            "smells-train": {
                "path": "smells-madeyski.csv",
                "path_preprocessed": "smells/train.csv",
                "mapper": "bohr.templates.datamappers.method.MethodMapper",
                "test_set": "false",
                "loader": "csv",
                "preprocessor": "data-preprocessing/smells.sh",
                "sep": ";"
            },
            "smells-test": {
                "path": "smells-madeyski.csv",
                "path_preprocessed": "smells/test.csv",
                "mapper": "bohr.templates.datamappers.method.MethodMapper",
                "test_set": "false",
                "loader": "csv",
                "preprocessor": "data-preprocessing/smells.sh",
                "sep": ";"
            }
        }
    },
    "heuristics": {
        "heuristics/smells.py": "a2254c51be33d4ede33baab98ba18b09",
        "heuristics/bugginess.py": "9f9ea19cd5c53bbbd41f94cf7b8f3d14"
    },
    "manual_stages": {
        "manual_stages/bugginess_combine_labels_1151-commits.template": "36fbee9db0ffc4896a1b9213ea72882c",
        "manual_stages/bugginess_transformer_test_herzig.template": "8b2802d15693d70c5fb1137b644c24f9",
        "manual_stages/bugginess_transformer_test_1151-commits.template": "731b4219c8ada99762e5c78cddb77b0f",
        "manual_stages/bugginess_transformer_train.template": "df3c3bf3fd93f41c41cf28fea9d87411",
        "manual_stages/bugginess_transformer_label_1151-commits.template": "3d8ed3c5b0d8c96fce0f84e4dbd2bd48",
        "manual_stages/bugginess_transformer_test_berger.template": "46ffab2df2f4f32004592fc56320d19e"
    }
}