{
    "config": {
        "bohr_framework_version": "0.4.8",
        "tasks": {
            "bugginess": {
                "description": "",
                "top_artifact": "bohr.collection.artifacts.commit.Commit",
                "label_categories": [
                    "CommitLabel.NonBugFix",
                    "CommitLabel.BugFix"
                ],
                "test_datasets": [
                    "1151-commits",
                    "berger",
                    "herzig"
                ],
                "train_datasets": [
                    "200k-commits"
                ],
                "label_column_name": "bug"
            },
            "smells": {
                "description": "",
                "top_artifact": "bohr.collection.artifacts.method.Method",
                "label_categories": [
                    "SnippetLabel.NonSmelly",
                    "SnippetLabel.Smelly"
                ],
                "test_datasets": [
                    "smells-test"
                ],
                "train_datasets": [
                    "smells-train"
                ],
                "label_column_name": "smelly"
            }
        },
        "datasets": {
            "berger": {
                "author": null,
                "description": "",
                "path": "berger.csv",
                "path_preprocessed": "berger.csv",
                "preprocessor": "copy",
                "loader": "csv",
                "mapper": "bohr.collection.datamappers.commit.CommitMapper"
            },
            "herzig": {
                "author": null,
                "description": "",
                "path": "herzig.csv",
                "path_preprocessed": "herzig.csv",
                "preprocessor": "copy",
                "loader": "csv",
                "mapper": "bohr.collection.datamappers.commit.CommitMapper"
            },
            "1151-commits": {
                "author": null,
                "description": "",
                "path": "1151-commits.csv",
                "path_preprocessed": "1151-commits.csv",
                "preprocessor": "copy",
                "loader": "csv",
                "mapper": "bohr.collection.datamappers.commit.CommitMapper"
            },
            "200k-commits": {
                "author": null,
                "description": "desc",
                "path": "200k-commits.csv",
                "path_preprocessed": "200k-commits.csv",
                "preprocessor": "copy",
                "loader": "csv",
                "mapper": "bohr.collection.datamappers.commit.CommitMapper"
            },
            "200k-commits-issues": {
                "author": null,
                "description": "desc",
                "path": "200k-commits-issues.csv",
                "path_preprocessed": "200k-commits-issues.csv",
                "preprocessor": "copy",
                "loader": "csv",
                "mapper": "bohr.collection.datamappers.issue.IssueMapper",
                "dtype": {
                    "labels": "str"
                },
                "keep_default_na": false
            },
            "200k-commits-files": {
                "author": null,
                "description": "desc",
                "path": "200k-commits-files.csv.7z",
                "path_preprocessed": "200k-commits-files.csv",
                "preprocessor": "7z",
                "loader": "csv",
                "mapper": "bohr.collection.datamappers.commitfile.CommitFileMapper"
            },
            "200k-commits-link-issues": {
                "author": null,
                "description": "desc",
                "path": "200k-commits-link-issues.csv",
                "path_preprocessed": "200k-commits-link-issues.csv",
                "preprocessor": "copy",
                "loader": "csv"
            },
            "200k-commits-manual-labels": {
                "author": null,
                "description": "desc",
                "path": "200k-commits-manual-labels.csv",
                "path_preprocessed": "200k-commits-manual-labels.csv",
                "preprocessor": "copy",
                "loader": "csv",
                "mapper": "bohr.collection.datamappers.manuallabels.ManualLabelMapper"
            },
            "smells-train": {
                "author": null,
                "description": "",
                "path": "smells-madeyski.csv",
                "path_preprocessed": "smells/train.csv",
                "preprocessor": "data-preprocessing/smells.sh",
                "loader": "csv",
                "mapper": "bohr.collection.datamappers.method.MethodMapper",
                "sep": ";"
            },
            "smells-test": {
                "author": null,
                "description": "",
                "path": "smells-madeyski.csv",
                "path_preprocessed": "smells/test.csv",
                "preprocessor": "data-preprocessing/smells.sh",
                "loader": "csv",
                "mapper": "bohr.collection.datamappers.method.MethodMapper",
                "sep": ";"
            }
        },
        "dataset-linkers": [
            {
                "from": "200k-commits",
                "to": "200k-commits-files"
            },
            {
                "from": "200k-commits",
                "to": "200k-commits-issues",
                "link": "200k-commits-link-issues"
            },
            {
                "from": "200k-commits",
                "to": "200k-commits-manual-labels"
            }
        ]
    },
    "heuristics": {
        "heuristics/bugginess.py": "a55520b99cbaad572a26886b52e74652",
        "heuristics/manuallabels.py": "f338b2a285d76da97b3f53e9b167368a",
        "heuristics/smells.py": "b1a5ed3a14eb9eae8924b8a43e3bc452"
    },
    "manual_stages": {}
}