apply_heuristics:
  cmd: python bohr/pipeline/apply_heuristics.py
  deps:
  - path: bohr/heuristics
    md5: 5d0327b134170fcee33ff58720ef6cb3.dir
  - path: bohr/pipeline/apply_heuristics.py
    md5: 498a7c94387178e35745ecfd7a2b0572
  - path: data/test
    md5: be0eacd103c0db6020f05c1d3ccd21ee.dir
  - path: data/train
    md5: 452519dc55f09b240e8d65ad6a6ccd21.dir
  outs:
  - path: generated/analysis_test.csv
    md5: 47d8f587f1f9280e766d25370c1fd9f6
  - path: generated/analysis_train.csv
    md5: 845964dd7bfa051b9602df10b6f8ccfb
  - path: generated/heuristic_matrix_test.pkl
    md5: 767a38f7d5716d9b86e7dc1e568b4714
  - path: generated/heuristic_matrix_train.pkl
    md5: 7a2d5e391d4307e9075d422314d8af62
  - path: heuristic_metrics.json
    md5: 9354eb01ab7d37e86bb0dac83c09a906
train_label_model:
  cmd: python bohr/pipeline/train_label_model.py
  deps:
  - path: bohr/pipeline/train_label_model.py
    md5: 8a4b8576f41c7cb925aae7bbe7ce5102
  - path: data/test
    md5: be0eacd103c0db6020f05c1d3ccd21ee.dir
  - path: data/train
    md5: 452519dc55f09b240e8d65ad6a6ccd21.dir
  - path: generated/heuristic_matrix_test.pkl
    md5: 767a38f7d5716d9b86e7dc1e568b4714
  - path: generated/heuristic_matrix_train.pkl
    md5: 7a2d5e391d4307e9075d422314d8af62
  outs:
  - path: generated/label_model.pkl
    md5: 9a4ac2a4dcfdeb329da0fdd73afe17f9
  - path: label_model_metrics.json
    md5: a7bd4a61e8da74f246edd84b8ed9491f
extract_train_data:
  cmd: 7z x downloaded-data/b_b.7z -odata
  deps:
  - path: downloaded-data/b_b.7z
    md5: 9c406efc33b74f7310ea93cbb00e9194
  outs:
  - path: data/train
    md5: 452519dc55f09b240e8d65ad6a6ccd21.dir
