parse_labels:
  cmd: python bohr/pipeline/parse_labels.py
  deps:
  - path: bohr/labels
    md5: 000282bffb185a47962462ac5126d606.dir
    size: 539
    nfiles: 3
  - path: bohr/pipeline/labels
    md5: 4cbfd63b5dc4c99b44f8b8cd7a334312.dir
    size: 25055
    nfiles: 4
  - path: bohr/pipeline/parse_labels.py
    md5: ee1a099306ed4fab3324914c803ed125
    size: 2749
  - path: bohr/resources/labels.template
    md5: ecbde2e7656eb2335b51830c3e033177
    size: 558
  outs:
  - path: bohr/labels.py
    md5: 124376a1f143b48af26379ad74d58adf
    size: 1677
extract_train_data:
  cmd: 7z x downloaded-data/sample.7z -odata
  deps:
  - path: downloaded-data/sample.7z
    md5: d4dc26c2b0f0704b1559f2c0ce6320d7
    size: 255969433
  outs:
  - path: data/train
    md5: 5df7291dd57bd397a889b63e2d12c5b2.dir
    size: 2489726547
    nfiles: 3
apply_heuristics_bugginess:
  cmd: python bohr/pipeline/apply_heuristics.py bugginess
  deps:
  - path: bohr/artifacts
    md5: 0d6f846ffcd8adcc4f399f304f91f9ea.dir
    size: 19048
    nfiles: 7
  - path: bohr/core.py
    md5: 8134a637ea51ab9603c4a5f0a465887e
    size: 9092
  - path: bohr/heuristics
    md5: 2f7fab35c5613c6ebdf4fed6c74f376f.dir
    size: 16081
    nfiles: 10
  - path: bohr/labels.py
    md5: 124376a1f143b48af26379ad74d58adf
    size: 1677
  - path: bohr/pipeline/apply_heuristics.py
    md5: 75e5b878024ff182c3b63ad319715fde
    size: 5205
  - path: bohr/tasks/bugginess.py
    md5: 138e91667809feac945a7353c1257a2f
    size: 214
  - path: data/test
    md5: be0eacd103c0db6020f05c1d3ccd21ee.dir
    size: 1860809
    nfiles: 3
  - path: data/train
    md5: 5df7291dd57bd397a889b63e2d12c5b2.dir
    size: 2489726547
    nfiles: 3
  outs:
  - path: generated/bugginess/analysis_1151-commits.csv
    md5: f78ced217fc008abdcdbce9634797a2d
    size: 25281
  - path: generated/bugginess/analysis_berger.csv
    md5: b3bb5f297880cc7ab5c49a38a17eaf00
    size: 22798
  - path: generated/bugginess/analysis_herzig.csv
    md5: 961f598d2a097738fc43a78b410dc64d
    size: 26716
  - path: generated/bugginess/analysis_train.csv
    md5: 06171089bc23dfdf9cf15098f238bf28
    size: 30503
  - path: generated/bugginess/heuristic_matrix_1151-commits.pkl
    md5: bc61ea311c9e4bf98a52c6f867823c14
    size: 5592074
  - path: generated/bugginess/heuristic_matrix_berger.pkl
    md5: 0f60a5377dc8645709e56b54af9a8c16
    size: 1821306
  - path: generated/bugginess/heuristic_matrix_herzig.pkl
    md5: 0bb60c889465d759d90a7fcbb4bd0887
    size: 25333858
  - path: generated/bugginess/heuristic_matrix_train.pkl
    md5: f06bdbd568034153d6a1a3510429dbc4
    size: 1006492972
  - path: metrics/bugginess/analysis_1151-commits.json
    md5: 6b9708accbc152afe230b0f34021cb96
    size: 116793
  - path: metrics/bugginess/analysis_berger.json
    md5: 3f7757b0cc4ec0db6503e3bfc4506cba
    size: 113804
  - path: metrics/bugginess/analysis_herzig.json
    md5: efc3064dd425d689a354ac7caa2c0e2c
    size: 118492
  - path: metrics/bugginess/analysis_train.json
    md5: 530503f6e961601ee3e9126b90fbf97f
    size: 82150
  - path: metrics/bugginess/heuristic_metrics.json
    md5: 5fa25152478366e00732c21b60b00ade
    size: 295
train_label_model_bugginess:
  cmd: python bohr/pipeline/train_label_model.py bugginess
  deps:
  - path: bohr/pipeline/train_label_model.py
    md5: 370d5e5b8cb4574a187f6faf761323c0
    size: 1762
  - path: data/test
    md5: be0eacd103c0db6020f05c1d3ccd21ee.dir
    size: 1860809
    nfiles: 3
  - path: data/train
    md5: 5df7291dd57bd397a889b63e2d12c5b2.dir
    size: 2489726547
    nfiles: 3
  - path: generated/bugginess/heuristic_matrix_1151-commits.pkl
    md5: bc61ea311c9e4bf98a52c6f867823c14
    size: 5592074
  - path: generated/bugginess/heuristic_matrix_berger.pkl
    md5: 0f60a5377dc8645709e56b54af9a8c16
    size: 1821306
  - path: generated/bugginess/heuristic_matrix_herzig.pkl
    md5: 0bb60c889465d759d90a7fcbb4bd0887
    size: 25333858
  - path: generated/bugginess/heuristic_matrix_train.pkl
    md5: f06bdbd568034153d6a1a3510429dbc4
    size: 1006492972
  outs:
  - path: generated/bugginess/label_model.pkl
    md5: 30bb9cab63f023f484d16b8632885a6e
    size: 1900008
  - path: metrics/bugginess/label_model_metrics.json
    md5: 428fa35ade7dc0d7788e4b5c88c27167
    size: 144
label_dataset_bugginess:
  cmd: python bohr/pipeline/label_dataset.py bugginess bugginess-train
  deps:
  - path: bohr/pipeline/label_dataset.py
    md5: e6d52c1839abc8d39983fb71aafb0a9e
    size: 2039
  - path: data/train
    md5: 5df7291dd57bd397a889b63e2d12c5b2.dir
    size: 2489726547
    nfiles: 3
  - path: generated/bugginess/heuristic_matrix_train.pkl
    md5: f06bdbd568034153d6a1a3510429dbc4
    size: 1006492972
  outs:
  - path: labeled-data/bugginess-train.csv
    md5: e064e4c4beba071ff5ef7f91b68af2c7
    size: 66028172
apply_heuristics_bugginess_10k:
  cmd: python bohr/pipeline/apply_heuristics.py bugginess-10k
  deps:
  - path: bohr/artifacts
    md5: 0d6f846ffcd8adcc4f399f304f91f9ea.dir
    size: 19048
    nfiles: 7
  - path: bohr/core.py
    md5: 8134a637ea51ab9603c4a5f0a465887e
    size: 9092
  - path: bohr/heuristics
    md5: 2f7fab35c5613c6ebdf4fed6c74f376f.dir
    size: 16081
    nfiles: 10
  - path: bohr/labels.py
    md5: 124376a1f143b48af26379ad74d58adf
    size: 1677
  - path: bohr/pipeline/apply_heuristics.py
    md5: 75e5b878024ff182c3b63ad319715fde
    size: 5205
  - path: bohr/tasks/bugginess-10k.py
    md5: ae1a9f9f4c7635eab755aeb02f9d6cb6
    size: 218
  - path: data/test
    md5: be0eacd103c0db6020f05c1d3ccd21ee.dir
    size: 1860809
    nfiles: 3
  - path: data/train
    md5: 5df7291dd57bd397a889b63e2d12c5b2.dir
    size: 2489726547
    nfiles: 3
  outs:
  - path: generated/bugginess-10k/analysis_1151-commits.csv
    md5: f78ced217fc008abdcdbce9634797a2d
    size: 25281
  - path: generated/bugginess-10k/analysis_berger.csv
    md5: b3bb5f297880cc7ab5c49a38a17eaf00
    size: 22798
  - path: generated/bugginess-10k/analysis_herzig.csv
    md5: 961f598d2a097738fc43a78b410dc64d
    size: 26716
  - path: generated/bugginess-10k/analysis_train.csv
    md5: 8a270b96979c49b9b80ffea9a4517635
    size: 18909
  - path: generated/bugginess-10k/heuristic_matrix_1151-commits.pkl
    md5: bc61ea311c9e4bf98a52c6f867823c14
    size: 5592074
  - path: generated/bugginess-10k/heuristic_matrix_berger.pkl
    md5: 0f60a5377dc8645709e56b54af9a8c16
    size: 1821306
  - path: generated/bugginess-10k/heuristic_matrix_herzig.pkl
    md5: 0bb60c889465d759d90a7fcbb4bd0887
    size: 25333858
  - path: generated/bugginess-10k/heuristic_matrix_train.pkl
    md5: 70b43802be8f66595a79bdcc2f723817
    size: 48534298
  - path: metrics/bugginess-10k/analysis_1151-commits.json
    md5: 6b9708accbc152afe230b0f34021cb96
    size: 116793
  - path: metrics/bugginess-10k/analysis_berger.json
    md5: 3f7757b0cc4ec0db6503e3bfc4506cba
    size: 113804
  - path: metrics/bugginess-10k/analysis_herzig.json
    md5: efc3064dd425d689a354ac7caa2c0e2c
    size: 118492
  - path: metrics/bugginess-10k/analysis_train.json
    md5: 3836641dd898588f7ab2334b036afd8f
    size: 70248
  - path: metrics/bugginess-10k/heuristic_metrics.json
    md5: 123e065b3bfe6009f302315ad200c8b7
    size: 283
train_label_model_bugginess_10k:
  cmd: python bohr/pipeline/train_label_model.py bugginess-10k
  deps:
  - path: bohr/pipeline/train_label_model.py
    md5: 370d5e5b8cb4574a187f6faf761323c0
    size: 1762
  - path: data/test
    md5: be0eacd103c0db6020f05c1d3ccd21ee.dir
    size: 1860809
    nfiles: 3
  - path: data/train
    md5: 5df7291dd57bd397a889b63e2d12c5b2.dir
    size: 2489726547
    nfiles: 3
  - path: generated/bugginess-10k/heuristic_matrix_1151-commits.pkl
    md5: bc61ea311c9e4bf98a52c6f867823c14
    size: 5592074
  - path: generated/bugginess-10k/heuristic_matrix_berger.pkl
    md5: 0f60a5377dc8645709e56b54af9a8c16
    size: 1821306
  - path: generated/bugginess-10k/heuristic_matrix_herzig.pkl
    md5: 0bb60c889465d759d90a7fcbb4bd0887
    size: 25333858
  - path: generated/bugginess-10k/heuristic_matrix_train.pkl
    md5: 70b43802be8f66595a79bdcc2f723817
    size: 48534298
  outs:
  - path: generated/bugginess-10k/label_model.pkl
    md5: c72aedd1933f7ff856fb3b595850d535
    size: 1900006
  - path: metrics/bugginess-10k/label_model_metrics.json
    md5: 998086e7603a6a0dd4d4376ceea37a44
    size: 130
label_dataset_bugginess_10k:
  cmd: python bohr/pipeline/label_dataset.py bugginess-10k bugginess-train-10k
  deps:
  - path: bohr/pipeline/label_dataset.py
    md5: e6d52c1839abc8d39983fb71aafb0a9e
    size: 2039
  - path: data/train
    md5: 5df7291dd57bd397a889b63e2d12c5b2.dir
    size: 2489726547
    nfiles: 3
  - path: generated/bugginess-10k/heuristic_matrix_train.pkl
    md5: 70b43802be8f66595a79bdcc2f723817
    size: 48534298
  outs:
  - path: labeled-data/bugginess-train-10k.csv
    md5: 18677294f1d82b873003d3385e46a06b
    size: 2044301
preprocess-and-split-smell-dataset:
  cmd: data-preprocessing/smells.sh
  deps:
  - path: data-preprocessing/smells.sh
    md5: 77f47532f24b26af411642992e6829c9
    size: 1637
  - path: downloaded-data/smells-madeyski.csv
    md5: 3d60d277b9fa1306c05ccfdefe22e9d1
    size: 7513770
  outs:
  - path: data/smells/test.csv
    md5: 0200db0eec17554a48a5b3a25719fd03
    size: 77607
  - path: data/smells/train.csv
    md5: 7fc9a7617e6f201523fba311317ba48f
    size: 296407
apply_heuristics_smells:
  cmd: python bohr/pipeline/apply_heuristics.py smells
  deps:
  - path: bohr/artifacts
    md5: 0d6f846ffcd8adcc4f399f304f91f9ea.dir
    size: 19048
    nfiles: 7
  - path: bohr/core.py
    md5: 8134a637ea51ab9603c4a5f0a465887e
    size: 9092
  - path: bohr/datasets
    md5: 8f5fe75628767765b5b8225438567bb1.dir
    size: 13751
    nfiles: 14
  - path: bohr/heuristics
    md5: 2f7fab35c5613c6ebdf4fed6c74f376f.dir
    size: 16081
    nfiles: 10
  - path: bohr/labels.py
    md5: 124376a1f143b48af26379ad74d58adf
    size: 1677
  - path: bohr/pipeline/apply_heuristics.py
    md5: 75e5b878024ff182c3b63ad319715fde
    size: 5205
  - path: bohr/tasks/smells.py
    md5: 460a362779d92ed2b3e00d70187df078
    size: 161
  - path: data/smells
    md5: fb784904a6099d720b0d76dbd39ad94d.dir
    size: 374035
    nfiles: 3
  outs:
  - path: generated/smells/analysis_smells-test.csv
    md5: 36ba4b6b8c315717dd536e67de7c5b86
    size: 343
  - path: generated/smells/analysis_train.csv
    md5: 006156be87e5b98dbffc3eed2365f5c8
    size: 258
  - path: generated/smells/heuristic_matrix_smells-test.pkl
    md5: e02374e512c2a8965efc1c5e8b07af81
    size: 6160
  - path: generated/smells/heuristic_matrix_train.pkl
    md5: 34d9fda2129d72f64c1564c5c5931347
    size: 24313
  - path: metrics/smells/analysis_smells-test.json
    md5: 024a8070a4ec84e001590add63e6b86f
    size: 1161
  - path: metrics/smells/analysis_train.json
    md5: 7be3c4bc8de521ea7f0b5f59089a6746
    size: 722
  - path: metrics/smells/heuristic_metrics.json
    md5: acb305bc3bdc18a1423017cf0e891828
    size: 162
train_label_model_smells:
  cmd: python bohr/pipeline/train_label_model.py smells
  deps:
  - path: bohr/datasets
    md5: 8f5fe75628767765b5b8225438567bb1.dir
    size: 13751
    nfiles: 14
  - path: bohr/pipeline/train_label_model.py
    md5: 370d5e5b8cb4574a187f6faf761323c0
    size: 1762
  - path: bohr/tasks/smells.py
    md5: 460a362779d92ed2b3e00d70187df078
    size: 161
  - path: data/smells
    md5: fb784904a6099d720b0d76dbd39ad94d.dir
    size: 374035
    nfiles: 3
  - path: generated/smells/heuristic_matrix_smells-test.pkl
    md5: e02374e512c2a8965efc1c5e8b07af81
    size: 6160
  - path: generated/smells/heuristic_matrix_train.pkl
    md5: 34d9fda2129d72f64c1564c5c5931347
    size: 24313
  outs:
  - path: generated/smells/label_model.pkl
    md5: afa25ff68b126e61f2dfc252dc745901
    size: 4890
  - path: metrics/smells/label_model_metrics.json
    md5: d5833d6e6de51c941040b2394b923796
    size: 51
label_dataset_bugginess_smells:
  cmd: python bohr/pipeline/label_dataset.py smells smells-train
  deps:
  - path: bohr/datasets
    md5: 8f5fe75628767765b5b8225438567bb1.dir
    size: 13751
    nfiles: 14
  - path: bohr/pipeline/label_dataset.py
    md5: e6d52c1839abc8d39983fb71aafb0a9e
    size: 2039
  - path: bohr/tasks/smells.py
    md5: 460a362779d92ed2b3e00d70187df078
    size: 161
  - path: data/smells/train.csv
    md5: 7fc9a7617e6f201523fba311317ba48f
    size: 296407
  - path: generated/smells/heuristic_matrix_train.pkl
    md5: 34d9fda2129d72f64c1564c5c5931347
    size: 24313
  outs:
  - path: labeled-data/smells-train.csv
    md5: dbc45d82d67347005c8e967597f86adc
    size: 310778
