preprocess_smells:
  cmd: bash data-preprocessing/smells.sh
  deps:
  - path: data-preprocessing/smells.sh
    md5: 1792bc2011c1aba4d51cdca74beee11e
    size: 2148
  - path: downloaded-data/smells-madeyski.csv
    md5: 3d60d277b9fa1306c05ccfdefe22e9d1
    size: 7513770
  outs:
  - path: data/smells/test.csv
    md5: 0200db0eec17554a48a5b3a25719fd03
    size: 77607
  - path: data/smells/train.csv
    md5: 7fc9a7617e6f201523fba311317ba48f
    size: 296970
parse_labels:
  cmd: bohr parse-labels
  deps:
  - path: labels
    md5: 2bdf7e3a52cf1d386b1edfc4558f2f55.dir
    size: 552
    nfiles: 3
  outs:
  - path: labels.py
    md5: 4ad220b4c289b2d8597bd6431c6565a6
    size: 1707
smells_apply_heuristics:
  cmd: bohr apply-heuristics smells
  deps:
  - path: data/smells/test.csv
    md5: 0200db0eec17554a48a5b3a25719fd03
    size: 77607
  - path: data/smells/train.csv
    md5: 7fc9a7617e6f201523fba311317ba48f
    size: 296407
  - path: datasets/smells-test.py
    md5: daa3847137b86b014e68ceb421d9d61b
    size: 290
  - path: datasets/smells-train.py
    md5: 5d0c1107da7c0fa3cf9278309d6a1e60
    size: 292
  - path: heuristics
    md5: 5d211ace47541889824b572203481a3c.dir
    size: 9059
    nfiles: 8
  - path: labels.py
    md5: 4ad220b4c289b2d8597bd6431c6565a6
    size: 1707
  params:
    bohr.json:
      bohr_framework_version: 0.2.8
  outs:
  - path: generated/smells/analysis_datasets.smells-test.csv
    md5: 0e9a0cb4bca25888a4c21bb79dd903fc
    size: 337
  - path: generated/smells/analysis_train.csv
    md5: fbb491949031407029f57e7089a123ca
    size: 252
  - path: generated/smells/heuristic_matrix_datasets.smells-test.pkl
    md5: e02374e512c2a8965efc1c5e8b07af81
    size: 6160
  - path: generated/smells/heuristic_matrix_train.pkl
    md5: 34d9fda2129d72f64c1564c5c5931347
    size: 24313
  - path: metrics/smells/analysis_datasets.smells-test.json
    md5: b210737d114c81d670a7b5d49a99a250
    size: 1119
  - path: metrics/smells/analysis_train.json
    md5: 4d96593b82baf44b775be1d171c73358
    size: 698
  - path: metrics/smells/heuristic_metrics.json
    md5: 59fcc0b82a6620603434cb79ddb88422
    size: 180
smells_train_label_model:
  cmd: bohr train-label-model smells
  deps:
  - path: data/smells/test.csv
    md5: 0200db0eec17554a48a5b3a25719fd03
    size: 77607
  - path: datasets/smells-test.py
    md5: daa3847137b86b014e68ceb421d9d61b
    size: 290
  - path: generated/smells/heuristic_matrix_datasets.smells-test.pkl
    md5: e02374e512c2a8965efc1c5e8b07af81
    size: 6160
  - path: generated/smells/heuristic_matrix_train.pkl
    md5: 34d9fda2129d72f64c1564c5c5931347
    size: 24313
  params:
    bohr.json:
      bohr_framework_version: 0.2.8
  outs:
  - path: generated/smells/label_model.pkl
    md5: 7c47464e2a03ebbc5b6c52b84af6467e
    size: 4900
  - path: metrics/smells/label_model_metrics.json
    md5: 709f017913491c39539f9b59fc88fb83
    size: 102
preprocess_bugginess_train:
  cmd: 7z x downloaded-data/bugginess_train.7z -odata/bugginess
  deps:
  - path: downloaded-data/bugginess_train.7z
    md5: d4dc26c2b0f0704b1559f2c0ce6320d7
    size: 255969433
  outs:
  - path: data/bugginess/train/bug_sample.csv
    md5: 582037a749ed69771b87d7fc86ae04b8
    size: 58465759
  - path: data/bugginess/train/bug_sample_files.csv
    md5: 7dc7360abeaff8685958a5ec1497990a
    size: 2335330420
  - path: data/bugginess/train/bug_sample_issues.csv
    md5: 3aedc8183250c0d1f524a39ba2839140
    size: 95930368
preprocess_bugginess_test:
  cmd: cp downloaded-data/{1151-commits.csv,berger.csv,herzig.csv} data/bugginess/test
  deps:
  - path: downloaded-data/1151-commits.csv
    md5: 7b32f404edf5982eb4c5f51b956663c4
    size: 341651
  - path: downloaded-data/berger.csv
    md5: 71b9738db6cb47e3af599da316e3b570
    size: 60847
  - path: downloaded-data/herzig.csv
    md5: 279936268f488e1e613f81a537f29055
    size: 1458311
  outs:
  - path: data/bugginess/test/1151-commits.csv
    md5: 7b32f404edf5982eb4c5f51b956663c4
    size: 341651
  - path: data/bugginess/test/berger.csv
    md5: 71b9738db6cb47e3af599da316e3b570
    size: 60847
  - path: data/bugginess/test/herzig.csv
    md5: 279936268f488e1e613f81a537f29055
    size: 1458311
bugginess_apply_heuristics:
  cmd: bohr apply-heuristics bugginess
  deps:
  - path: data/bugginess/test/1151-commits.csv
    md5: 7b32f404edf5982eb4c5f51b956663c4
    size: 341651
  - path: data/bugginess/test/berger.csv
    md5: 71b9738db6cb47e3af599da316e3b570
    size: 60847
  - path: data/bugginess/test/herzig.csv
    md5: 279936268f488e1e613f81a537f29055
    size: 1458311
  - path: data/bugginess/train/bug_sample.csv
    md5: 582037a749ed69771b87d7fc86ae04b8
    size: 58465759
  - path: data/bugginess/train/bug_sample_files.csv
    md5: 7dc7360abeaff8685958a5ec1497990a
    size: 2335330420
  - path: data/bugginess/train/bug_sample_issues.csv
    md5: 3aedc8183250c0d1f524a39ba2839140
    size: 95930368
  - path: datasets/1151-commits.py
    md5: a2bb6e9da60192fadaa7a9e724a8878d
    size: 347
  - path: datasets/berger.py
    md5: 3b08d66f821df196a060856de822c867
    size: 341
  - path: datasets/bugginess-train.py
    md5: e436471ca99cb8e8a253c94de22ce757
    size: 489
  - path: datasets/herzig.py
    md5: 18bd96fca060f555d99bd3a11b41bca9
    size: 341
  - path: heuristics
    md5: 5d211ace47541889824b572203481a3c.dir
    size: 4986
    nfiles: 8
  - path: labels.py
    md5: 4ad220b4c289b2d8597bd6431c6565a6
    size: 1707
  params:
    bohr.json:
      bohr_framework_version: 0.2.8
  outs:
  - path: generated/bugginess/analysis_datasets.1151-commits.csv
    md5: 6b7c650110d6563e65fa473d1fddf74e
    size: 23875
  - path: generated/bugginess/analysis_datasets.berger.csv
    md5: d1f3ec4548db935ec62e5a17f3dbf618
    size: 21262
  - path: generated/bugginess/analysis_datasets.herzig.csv
    md5: fcee3c6b6438ea980997a72a9e7d0f2d
    size: 25327
  - path: generated/bugginess/analysis_train.csv
    md5: 99158b53a853fc5310072b015739eeb7
    size: 29097
  - path: generated/bugginess/heuristic_matrix_datasets.1151-commits.pkl
    md5: 7d34790f13136ee0bd47866fe7cb4f26
    size: 5546034
  - path: generated/bugginess/heuristic_matrix_datasets.berger.pkl
    md5: b20eb135ea1f1a7a121f4041700b76ff
    size: 1806306
  - path: generated/bugginess/heuristic_matrix_datasets.herzig.pkl
    md5: 89cff9e5cfba30fd7ab8a46a40635abd
    size: 25125298
  - path: generated/bugginess/heuristic_matrix_train.pkl
    md5: 408324edd0a83ec3cb3aeaf1f1873ee5
    size: 997067484
  - path: metrics/bugginess/analysis_datasets.1151-commits.json
    md5: c72120d3d7a8d250c07180af057a667c
    size: 107877
  - path: metrics/bugginess/analysis_datasets.berger.json
    md5: b447290a7685292b52b053dbbd4f3782
    size: 104758
  - path: metrics/bugginess/analysis_datasets.herzig.json
    md5: 4fc3ba6a0033cff0441c931cf9be685a
    size: 109593
  - path: metrics/bugginess/analysis_train.json
    md5: b5dbf81969db76cef43b7783685067cd
    size: 76922
  - path: metrics/bugginess/heuristic_metrics.json
    md5: e090404e414fc032b3f7921e373b2801
    size: 393
bugginess_label_dataset:
  cmd: bohr label-dataset bugginess datasets.bugginess-train
  deps:
  - path: data/bugginess/train/bug_sample.csv
    md5: 582037a749ed69771b87d7fc86ae04b8
    size: 58465759
  - path: data/bugginess/train/bug_sample_files.csv
    md5: 7dc7360abeaff8685958a5ec1497990a
    size: 2335330420
  - path: data/bugginess/train/bug_sample_issues.csv
    md5: 3aedc8183250c0d1f524a39ba2839140
    size: 95930368
  - path: datasets/bugginess-train.py
    md5: e436471ca99cb8e8a253c94de22ce757
    size: 489
  - path: generated/bugginess/heuristic_matrix_train.pkl
    md5: 408324edd0a83ec3cb3aeaf1f1873ee5
    size: 997067484
  params:
    bohr.json:
      bohr_framework_version: 0.2.8
  outs:
  - path: labeled-data/bugginess.csv
    md5: bfe4ac306c08f7188e094acc20e1ff03
    size: 61623779
bugginess_train_label_model:
  cmd: bohr train-label-model bugginess
  deps:
  - path: data/bugginess/test/1151-commits.csv
    md5: 7b32f404edf5982eb4c5f51b956663c4
    size: 341651
  - path: data/bugginess/test/berger.csv
    md5: 71b9738db6cb47e3af599da316e3b570
    size: 60847
  - path: data/bugginess/test/herzig.csv
    md5: 279936268f488e1e613f81a537f29055
    size: 1458311
  - path: datasets/1151-commits.py
    md5: a2bb6e9da60192fadaa7a9e724a8878d
    size: 347
  - path: datasets/berger.py
    md5: 3b08d66f821df196a060856de822c867
    size: 341
  - path: datasets/herzig.py
    md5: 18bd96fca060f555d99bd3a11b41bca9
    size: 341
  - path: generated/bugginess/heuristic_matrix_datasets.1151-commits.pkl
    md5: 7d34790f13136ee0bd47866fe7cb4f26
    size: 5546034
  - path: generated/bugginess/heuristic_matrix_datasets.berger.pkl
    md5: b20eb135ea1f1a7a121f4041700b76ff
    size: 1806306
  - path: generated/bugginess/heuristic_matrix_datasets.herzig.pkl
    md5: 89cff9e5cfba30fd7ab8a46a40635abd
    size: 25125298
  - path: generated/bugginess/heuristic_matrix_train.pkl
    md5: 408324edd0a83ec3cb3aeaf1f1873ee5
    size: 997067484
  params:
    bohr.json:
      bohr_framework_version: 0.2.8
  outs:
  - path: generated/bugginess/label_model.pkl
    md5: eba361a3a41622c7d984b23dd504844d
    size: 1863238
  - path: metrics/bugginess/label_model_metrics.json
    md5: ba3b00b9b5834671eb30872a63884630
    size: 286
smells_label_dataset:
  cmd: bohr label-dataset smells datasets.smells-train
  deps:
  - path: data/smells/train.csv
    md5: 7fc9a7617e6f201523fba311317ba48f
    size: 296407
  - path: datasets/smells-train.py
    md5: 5d0c1107da7c0fa3cf9278309d6a1e60
    size: 292
  - path: generated/smells/heuristic_matrix_train.pkl
    md5: 34d9fda2129d72f64c1564c5c5931347
    size: 24313
  params:
    bohr.json:
      bohr_framework_version: 0.2.8
  outs:
  - path: labeled-data/smells.csv
    md5: d33b91c10a14f2ee2b784fd882153c5c
    size: 305190
bugginess_transformer_train:
  cmd: bash classifiers/bugginess-transformer/train.sh labeled-data/bugginess.csv
  deps:
  - path: classifiers/bugginess-transformer/run.py
    md5: ebb891042319431dff84efdb3157bc29
    size: 12090
  - path: classifiers/bugginess-transformer/train.sh
    md5: 3a19e011c049042bbec7e8315e883c38
    size: 557
  - path: labeled-data/bugginess.csv
    md5: 090b2532fc58b436031963ceb9825f39
    size: 65600593
  - path: requirements.txt
    md5: 29b4c5d66c523cec0712dbcdcced42bb
    size: 21
  outs:
  - path: models/config.json
    md5: 3effd3229ade2ed52eeb90d252790bf5
    size: 716
  - path: models/merges.txt
    md5: fb9c1e34b6999f3a062df6ed4a604957
    size: 458459
  - path: models/pytorch_model.bin
    md5: 40379a0207d19e2a24e116e941d7d675
    size: 333858922
  - path: models/special_tokens_map.json
    md5: 17bb9e090d1d3a775683aba3ba610591
    size: 239
  - path: models/tokenizer_config.json
    md5: e1a3e947aa301aadc524ee29f0dbcc39
    size: 1257
  - path: models/training_args.bin
    md5: 408c3f12467908cabb77ded5ce3490ed
    size: 2159
  - path: models/vocab.json
    md5: ca70df26ed267d27a9edde9c5341f17b
    size: 813062
bugginess_transformer_test_1151-commits:
  cmd: bash classifiers/bugginess-transformer/test.sh data/bugginess/test/1151-commits.csv
    metrics/bugginess/transformer/1151-commits
  deps:
  - path: classifiers/bugginess-transformer/run.py
    md5: ebb891042319431dff84efdb3157bc29
    size: 12090
  - path: classifiers/bugginess-transformer/test.sh
    md5: 92c4020b4c026f9b85fd38ddee1bd528
    size: 313
  - path: data/bugginess/test/1151-commits.csv
    md5: 7b32f404edf5982eb4c5f51b956663c4
    size: 341651
  - path: models/config.json
    md5: 3effd3229ade2ed52eeb90d252790bf5
    size: 716
  - path: models/merges.txt
    md5: fb9c1e34b6999f3a062df6ed4a604957
    size: 458459
  - path: models/pytorch_model.bin
    md5: 40379a0207d19e2a24e116e941d7d675
    size: 333858922
  - path: models/special_tokens_map.json
    md5: 17bb9e090d1d3a775683aba3ba610591
    size: 239
  - path: models/tokenizer_config.json
    md5: e1a3e947aa301aadc524ee29f0dbcc39
    size: 1257
  - path: models/training_args.bin
    md5: 408c3f12467908cabb77ded5ce3490ed
    size: 2159
  - path: models/vocab.json
    md5: ca70df26ed267d27a9edde9c5341f17b
    size: 813062
  - path: requirements.txt
    md5: 29b4c5d66c523cec0712dbcdcced42bb
    size: 21
  outs:
  - path: metrics/bugginess/transformer/1151-commits/eval_results.txt
    md5: 52b1b36d2896195e78ca5b7d42de4839
    size: 146
bugginess_transformer_test_berger:
  cmd: bash classifiers/bugginess-transformer/test.sh data/bugginess/test/berger.csv
    metrics/bugginess/transformer/berger
  deps:
  - path: classifiers/bugginess-transformer/run.py
    md5: ebb891042319431dff84efdb3157bc29
    size: 12090
  - path: classifiers/bugginess-transformer/test.sh
    md5: 92c4020b4c026f9b85fd38ddee1bd528
    size: 313
  - path: data/bugginess/test/berger.csv
    md5: 71b9738db6cb47e3af599da316e3b570
    size: 60847
  - path: models/config.json
    md5: 3effd3229ade2ed52eeb90d252790bf5
    size: 716
  - path: models/merges.txt
    md5: fb9c1e34b6999f3a062df6ed4a604957
    size: 458459
  - path: models/pytorch_model.bin
    md5: 40379a0207d19e2a24e116e941d7d675
    size: 333858922
  - path: models/special_tokens_map.json
    md5: 17bb9e090d1d3a775683aba3ba610591
    size: 239
  - path: models/tokenizer_config.json
    md5: e1a3e947aa301aadc524ee29f0dbcc39
    size: 1257
  - path: models/training_args.bin
    md5: 408c3f12467908cabb77ded5ce3490ed
    size: 2159
  - path: models/vocab.json
    md5: ca70df26ed267d27a9edde9c5341f17b
    size: 813062
  - path: requirements.txt
    md5: 29b4c5d66c523cec0712dbcdcced42bb
    size: 21
  outs:
  - path: metrics/bugginess/transformer/berger/eval_results.txt
    md5: 30da05826f977ee9b867560731091915
    size: 144
bugginess_transformer_test_herzig:
  cmd: bash classifiers/bugginess-transformer/test.sh data/bugginess/test/herzig.csv
    metrics/bugginess/transformer/herzig
  deps:
  - path: classifiers/bugginess-transformer/run.py
    md5: ebb891042319431dff84efdb3157bc29
    size: 12090
  - path: classifiers/bugginess-transformer/test.sh
    md5: 92c4020b4c026f9b85fd38ddee1bd528
    size: 313
  - path: data/bugginess/test/herzig.csv
    md5: 279936268f488e1e613f81a537f29055
    size: 1458311
  - path: models/config.json
    md5: 3effd3229ade2ed52eeb90d252790bf5
    size: 716
  - path: models/merges.txt
    md5: fb9c1e34b6999f3a062df6ed4a604957
    size: 458459
  - path: models/pytorch_model.bin
    md5: 40379a0207d19e2a24e116e941d7d675
    size: 333858922
  - path: models/special_tokens_map.json
    md5: 17bb9e090d1d3a775683aba3ba610591
    size: 239
  - path: models/tokenizer_config.json
    md5: e1a3e947aa301aadc524ee29f0dbcc39
    size: 1257
  - path: models/training_args.bin
    md5: 408c3f12467908cabb77ded5ce3490ed
    size: 2159
  - path: models/vocab.json
    md5: ca70df26ed267d27a9edde9c5341f17b
    size: 813062
  - path: requirements.txt
    md5: 29b4c5d66c523cec0712dbcdcced42bb
    size: 21
  outs:
  - path: metrics/bugginess/transformer/herzig/eval_results.txt
    md5: bd726240700dac6e926d5532eb76c5c4
    size: 145
